
Microsoft Visual Studio Solution File, Format Version 12.00
# Visual Studio Version 17
VisualStudioVersion = 17.2.32526.322
MinimumVisualStudioVersion = 10.0.40219.1
Project("{FAE04EC0-301F-11D3-BF4B-00C04F79EFBC}") = "HELLOWORLD", "HELLOWORLD\HELLOWORLD.csproj", "{DFB250DC-F55D-4C5C-93C3-11166A03BEDC}"
EndProject
Global
	GlobalSection(SolutionConfigurationPlatforms) = preSolution
		Debug|Any CPU = Debug|Any CPU
		Release|Any CPU = Release|Any CPU
	EndGlobalSection
	GlobalSection(ProjectConfigurationPlatforms) = postSolution
		{DFB250DC-F55D-4C5C-93C3-11166A03BEDC}.Debug|Any CPU.ActiveCfg = Debug|Any CPU
		{DFB250DC-F55D-4C5C-93C3-11166A03BEDC}.Debug|Any CPU.Build.0 = Debug|Any CPU
		{DFB250DC-F55D-4C5C-93C3-11166A03BEDC}.Release|Any CPU.ActiveCfg = Release|Any CPU
		{DFB250DC-F55D-4C5C-93C3-11166A03BEDC}.Release|Any CPU.Build.0 = Release|Any CPU
	EndGlobalSection
	GlobalSection(SolutionProperties) = preSolution
		HideSolutionNode = FALSE
	EndGlobalSection
	GlobalSection(ExtensibilityGlobals) = postSolution
		SolutionGuid = {FEFA1384-4E3F-44EE-8B3B-769FE66F901F}
	EndGlobalSection
EndGlobal
